github.com/flokoe/hugo-neodoc v0.0.0-20250519194652-6947c8ba9e30 h1:fwf8kl0SlfOZm5B94wfN6kyCFwucbiO7kUt4mbiCfSo=
github.com/flokoe/hugo-neodoc v0.0.0-20250519194652-6947c8ba9e30/go.mod h1:eUW5Q60j42A3DhKaic1Pr2+IwbH1JX0dv5JsvZVSVcw=
github.com/flokoe/hugo-neodoc v0.0.0-20250519195828-9429838d168c h1:wqUG5jFJ7m4/xXU7ykL8WpHfYx4b10R//4Hf43TEUGA=
github.com/flokoe/hugo-neodoc v0.0.0-20250519195828-9429838d168c/go.mod h1:eUW5Q60j42A3DhKaic1Pr2+IwbH1JX0dv5JsvZVSVcw=
